
Microsoft Visual Studio Solution File, Format Version 12.00
Project("{FAE04EC0-301F-11D3-BF4B-00C04F79EFBC}") = "sxm.server", "sxm.server\sxm.server.csproj", "{4445B4DE-03B1-4807-BCA9-C40C3640F6B6}"
EndProject
Project("{FAE04EC0-301F-11D3-BF4B-00C04F79EFBC}") = "sxm.client", "sxm.client\sxm.client.csproj", "{4DCB0001-9CE9-4326-ACDD-FE7992F0DF37}"
EndProject
Project("{2150E333-8FDC-42A3-9474-1A3956D46DE8}") = "libs", "libs", "{84FA1184-30CB-4054-9BFD-956379B451E0}"
EndProject
Project("{FAE04EC0-301F-11D3-BF4B-00C04F79EFBC}") = "sxm.libdi", "libs\sxm.libdi\sxm.libdi.csproj", "{E0976CBE-ED12-4FBF-8ADA-AE953E378544}"
EndProject
Project("{2150E333-8FDC-42A3-9474-1A3956D46DE8}") = "core", "core", "{D5286A5D-0854-4119-8E6D-D64CE7F3E784}"
EndProject
Project("{2150E333-8FDC-42A3-9474-1A3956D46DE8}") = "scripts", "scripts", "{3DAAE3F8-59F8-4271-BAB6-C415D1048F52}"
EndProject
Project("{FAE04EC0-301F-11D3-BF4B-00C04F79EFBC}") = "sxm.test.client", "scripts\sxm.test.client\sxm.test.client.csproj", "{32437863-5583-46C9-8680-6BCAFC29D7CA}"
EndProject
Project("{FAE04EC0-301F-11D3-BF4B-00C04F79EFBC}") = "sxm.test.server", "scripts\sxm.test.server\sxm.test.server.csproj", "{01F94A3C-49EF-42D0-A578-ED80200338B6}"
EndProject
Project("{FAE04EC0-301F-11D3-BF4B-00C04F79EFBC}") = "sxm.core", "core\sxm.core\sxm.core.csproj", "{A53DBB29-B371-4B7B-A671-FF7255827B04}"
EndProject
Project("{FAE04EC0-301F-11D3-BF4B-00C04F79EFBC}") = "sxm.core.client", "core\sxm.core.client\sxm.core.client.csproj", "{034774DA-716D-4013-AE47-ADC5DED588E7}"
EndProject
Project("{FAE04EC0-301F-11D3-BF4B-00C04F79EFBC}") = "sxm.core.server", "core\sxm.core.server\sxm.core.server.csproj", "{4E883DEE-582D-4441-B8AB-363882AAE7AC}"
EndProject
Global
	GlobalSection(SolutionConfigurationPlatforms) = preSolution
		Debug|Any CPU = Debug|Any CPU
		Release|Any CPU = Release|Any CPU
	EndGlobalSection
	GlobalSection(ProjectConfigurationPlatforms) = postSolution
		{4445B4DE-03B1-4807-BCA9-C40C3640F6B6}.Release|Any CPU.ActiveCfg = Release|Any CPU
		{4445B4DE-03B1-4807-BCA9-C40C3640F6B6}.Release|Any CPU.Build.0 = Release|Any CPU
		{4445B4DE-03B1-4807-BCA9-C40C3640F6B6}.Debug|Any CPU.ActiveCfg = Release|Any CPU
		{4445B4DE-03B1-4807-BCA9-C40C3640F6B6}.Debug|Any CPU.Build.0 = Release|Any CPU
		{4DCB0001-9CE9-4326-ACDD-FE7992F0DF37}.Release|Any CPU.ActiveCfg = Release|Any CPU
		{4DCB0001-9CE9-4326-ACDD-FE7992F0DF37}.Release|Any CPU.Build.0 = Release|Any CPU
		{4DCB0001-9CE9-4326-ACDD-FE7992F0DF37}.Debug|Any CPU.ActiveCfg = Release|Any CPU
		{4DCB0001-9CE9-4326-ACDD-FE7992F0DF37}.Debug|Any CPU.Build.0 = Release|Any CPU
		{E0976CBE-ED12-4FBF-8ADA-AE953E378544}.Release|Any CPU.ActiveCfg = Release|Any CPU
		{E0976CBE-ED12-4FBF-8ADA-AE953E378544}.Release|Any CPU.Build.0 = Release|Any CPU
		{E0976CBE-ED12-4FBF-8ADA-AE953E378544}.Debug|Any CPU.ActiveCfg = Release|Any CPU
		{E0976CBE-ED12-4FBF-8ADA-AE953E378544}.Debug|Any CPU.Build.0 = Release|Any CPU
		{034774DA-716D-4013-AE47-ADC5DED588E7}.Release|Any CPU.ActiveCfg = Release|Any CPU
		{034774DA-716D-4013-AE47-ADC5DED588E7}.Release|Any CPU.Build.0 = Release|Any CPU
		{034774DA-716D-4013-AE47-ADC5DED588E7}.Debug|Any CPU.ActiveCfg = Release|Any CPU
		{034774DA-716D-4013-AE47-ADC5DED588E7}.Debug|Any CPU.Build.0 = Release|Any CPU
		{32437863-5583-46C9-8680-6BCAFC29D7CA}.Debug|Any CPU.ActiveCfg = Debug|Any CPU
		{32437863-5583-46C9-8680-6BCAFC29D7CA}.Debug|Any CPU.Build.0 = Debug|Any CPU
		{32437863-5583-46C9-8680-6BCAFC29D7CA}.Release|Any CPU.ActiveCfg = Release|Any CPU
		{32437863-5583-46C9-8680-6BCAFC29D7CA}.Release|Any CPU.Build.0 = Release|Any CPU
		{A53DBB29-B371-4B7B-A671-FF7255827B04}.Debug|Any CPU.ActiveCfg = Debug|Any CPU
		{A53DBB29-B371-4B7B-A671-FF7255827B04}.Debug|Any CPU.Build.0 = Debug|Any CPU
		{A53DBB29-B371-4B7B-A671-FF7255827B04}.Release|Any CPU.ActiveCfg = Release|Any CPU
		{A53DBB29-B371-4B7B-A671-FF7255827B04}.Release|Any CPU.Build.0 = Release|Any CPU
		{3362CAA8-44FC-4CC8-9AD6-764BECA4AAE0}.Debug|Any CPU.ActiveCfg = Debug|Any CPU
		{3362CAA8-44FC-4CC8-9AD6-764BECA4AAE0}.Debug|Any CPU.Build.0 = Debug|Any CPU
		{3362CAA8-44FC-4CC8-9AD6-764BECA4AAE0}.Release|Any CPU.ActiveCfg = Release|Any CPU
		{3362CAA8-44FC-4CC8-9AD6-764BECA4AAE0}.Release|Any CPU.Build.0 = Release|Any CPU
		{D73DF5FF-2151-48AE-8F2C-BAA0513EA102}.Debug|Any CPU.ActiveCfg = Debug|Any CPU
		{D73DF5FF-2151-48AE-8F2C-BAA0513EA102}.Debug|Any CPU.Build.0 = Debug|Any CPU
		{D73DF5FF-2151-48AE-8F2C-BAA0513EA102}.Release|Any CPU.ActiveCfg = Release|Any CPU
		{D73DF5FF-2151-48AE-8F2C-BAA0513EA102}.Release|Any CPU.Build.0 = Release|Any CPU
		{01F94A3C-49EF-42D0-A578-ED80200338B6}.Debug|Any CPU.ActiveCfg = Debug|Any CPU
		{01F94A3C-49EF-42D0-A578-ED80200338B6}.Debug|Any CPU.Build.0 = Debug|Any CPU
		{01F94A3C-49EF-42D0-A578-ED80200338B6}.Release|Any CPU.ActiveCfg = Release|Any CPU
		{01F94A3C-49EF-42D0-A578-ED80200338B6}.Release|Any CPU.Build.0 = Release|Any CPU
		{034774DA-716D-4013-AE47-ADC5DED588E7}.Debug|Any CPU.ActiveCfg = Debug|Any CPU
		{034774DA-716D-4013-AE47-ADC5DED588E7}.Debug|Any CPU.Build.0 = Debug|Any CPU
		{4E883DEE-582D-4441-B8AB-363882AAE7AC}.Debug|Any CPU.ActiveCfg = Debug|Any CPU
		{4E883DEE-582D-4441-B8AB-363882AAE7AC}.Debug|Any CPU.Build.0 = Debug|Any CPU
		{4E883DEE-582D-4441-B8AB-363882AAE7AC}.Release|Any CPU.ActiveCfg = Release|Any CPU
		{4E883DEE-582D-4441-B8AB-363882AAE7AC}.Release|Any CPU.Build.0 = Release|Any CPU
	EndGlobalSection
	GlobalSection(NestedProjects) = preSolution
		{E0976CBE-ED12-4FBF-8ADA-AE953E378544} = {84FA1184-30CB-4054-9BFD-956379B451E0}
		{A53DBB29-B371-4B7B-A671-FF7255827B04} = {D5286A5D-0854-4119-8E6D-D64CE7F3E784}
		{034774DA-716D-4013-AE47-ADC5DED588E7} = {D5286A5D-0854-4119-8E6D-D64CE7F3E784}
		{3362CAA8-44FC-4CC8-9AD6-764BECA4AAE0} = {D5286A5D-0854-4119-8E6D-D64CE7F3E784}
		{32437863-5583-46C9-8680-6BCAFC29D7CA} = {3DAAE3F8-59F8-4271-BAB6-C415D1048F52}
		{01F94A3C-49EF-42D0-A578-ED80200338B6} = {3DAAE3F8-59F8-4271-BAB6-C415D1048F52}
		{4E883DEE-582D-4441-B8AB-363882AAE7AC} = {D5286A5D-0854-4119-8E6D-D64CE7F3E784}
	EndGlobalSection
EndGlobal
